
Microsoft Visual Studio Solution File, Format Version 12.00
# Visual Studio Version 17
VisualStudioVersion = 17.3.32929.385
MinimumVisualStudioVersion = 10.0.40219.1
Project("{9A19103F-16F7-4668-BE54-9A1E7A4F7556}") = "SevenWinBackend.Common", "src\SevenWinBackend.Common\SevenWinBackend.Common.csproj", "{41236C24-6B04-49F4-A55B-83D7DF70D9D2}"
EndProject
Project("{9A19103F-16F7-4668-BE54-9A1E7A4F7556}") = "SevenWinBackend.Domain", "src\SevenWinBackend.Domain\SevenWinBackend.Domain.csproj", "{7747A4CA-81AB-4DA3-947E-6464DDF9FFFF}"
EndProject
Project("{9A19103F-16F7-4668-BE54-9A1E7A4F7556}") = "SevenWinBackend.Application", "src\SevenWinBackend.Application\SevenWinBackend.Application.csproj", "{66A8ED9B-D273-45DF-A9C5-8AE413409801}"
EndProject
Project("{9A19103F-16F7-4668-BE54-9A1E7A4F7556}") = "SevenWinBackend.Data", "src\SevenWinBackend.Data\SevenWinBackend.Data.csproj", "{076886B1-72A0-4E87-B3E9-8ACB8F44C111}"
EndProject
Project("{9A19103F-16F7-4668-BE54-9A1E7A4F7556}") = "SevenWinBackend.OcrSpace", "src\SevenWinBackend.OcrSpace\SevenWinBackend.OcrSpace.csproj", "{4C6FFFE3-1BA8-450A-87F9-BB6DEE385811}"
EndProject
Global
	GlobalSection(SolutionConfigurationPlatforms) = preSolution
		Debug|Any CPU = Debug|Any CPU
		Release|Any CPU = Release|Any CPU
	EndGlobalSection
	GlobalSection(ProjectConfigurationPlatforms) = postSolution
		{41236C24-6B04-49F4-A55B-83D7DF70D9D2}.Debug|Any CPU.ActiveCfg = Debug|Any CPU
		{41236C24-6B04-49F4-A55B-83D7DF70D9D2}.Debug|Any CPU.Build.0 = Debug|Any CPU
		{41236C24-6B04-49F4-A55B-83D7DF70D9D2}.Release|Any CPU.ActiveCfg = Release|Any CPU
		{41236C24-6B04-49F4-A55B-83D7DF70D9D2}.Release|Any CPU.Build.0 = Release|Any CPU
		{7747A4CA-81AB-4DA3-947E-6464DDF9FFFF}.Debug|Any CPU.ActiveCfg = Debug|Any CPU
		{7747A4CA-81AB-4DA3-947E-6464DDF9FFFF}.Debug|Any CPU.Build.0 = Debug|Any CPU
		{7747A4CA-81AB-4DA3-947E-6464DDF9FFFF}.Release|Any CPU.ActiveCfg = Release|Any CPU
		{7747A4CA-81AB-4DA3-947E-6464DDF9FFFF}.Release|Any CPU.Build.0 = Release|Any CPU
		{66A8ED9B-D273-45DF-A9C5-8AE413409801}.Debug|Any CPU.ActiveCfg = Debug|Any CPU
		{66A8ED9B-D273-45DF-A9C5-8AE413409801}.Debug|Any CPU.Build.0 = Debug|Any CPU
		{66A8ED9B-D273-45DF-A9C5-8AE413409801}.Release|Any CPU.ActiveCfg = Release|Any CPU
		{66A8ED9B-D273-45DF-A9C5-8AE413409801}.Release|Any CPU.Build.0 = Release|Any CPU
		{076886B1-72A0-4E87-B3E9-8ACB8F44C111}.Debug|Any CPU.ActiveCfg = Debug|Any CPU
		{076886B1-72A0-4E87-B3E9-8ACB8F44C111}.Debug|Any CPU.Build.0 = Debug|Any CPU
		{076886B1-72A0-4E87-B3E9-8ACB8F44C111}.Release|Any CPU.ActiveCfg = Release|Any CPU
		{076886B1-72A0-4E87-B3E9-8ACB8F44C111}.Release|Any CPU.Build.0 = Release|Any CPU
		{4C6FFFE3-1BA8-450A-87F9-BB6DEE385811}.Debug|Any CPU.ActiveCfg = Debug|Any CPU
		{4C6FFFE3-1BA8-450A-87F9-BB6DEE385811}.Debug|Any CPU.Build.0 = Debug|Any CPU
		{4C6FFFE3-1BA8-450A-87F9-BB6DEE385811}.Release|Any CPU.ActiveCfg = Release|Any CPU
		{4C6FFFE3-1BA8-450A-87F9-BB6DEE385811}.Release|Any CPU.Build.0 = Release|Any CPU
	EndGlobalSection
	GlobalSection(SolutionProperties) = preSolution
		HideSolutionNode = FALSE
	EndGlobalSection
	GlobalSection(ExtensibilityGlobals) = postSolution
		SolutionGuid = {68EBA7BD-B0CE-4492-B135-4AE5D3C10C63}
	EndGlobalSection
EndGlobal
